
Microsoft Visual Studio Solution File, Format Version 12.00
# Visual Studio 15
VisualStudioVersion = 15.0.28010.2048
MinimumVisualStudioVersion = 10.0.40219.1
Project("{FAE04EC0-301F-11D3-BF4B-00C04F79EFBC}") = "03_challenge", "03_challenge\03_challenge.csproj", "{73CAF562-4C75-4054-A5A0-7E45EFB3C71F}"
EndProject
Project("{FAE04EC0-301F-11D3-BF4B-00C04F79EFBC}") = "02_Challenge_METHOD_SOLUTION", "..\02_Challenge_METHOD_SOLUTION\02_Challenge_METHOD_SOLUTION.csproj", "{C368A20E-C1A5-414C-A595-B1995B910BDC}"
EndProject
Global
	GlobalSection(SolutionConfigurationPlatforms) = preSolution
		Debug|Any CPU = Debug|Any CPU
		Release|Any CPU = Release|Any CPU
	EndGlobalSection
	GlobalSection(ProjectConfigurationPlatforms) = postSolution
		{73CAF562-4C75-4054-A5A0-7E45EFB3C71F}.Debug|Any CPU.ActiveCfg = Debug|Any CPU
		{73CAF562-4C75-4054-A5A0-7E45EFB3C71F}.Debug|Any CPU.Build.0 = Debug|Any CPU
		{73CAF562-4C75-4054-A5A0-7E45EFB3C71F}.Release|Any CPU.ActiveCfg = Release|Any CPU
		{73CAF562-4C75-4054-A5A0-7E45EFB3C71F}.Release|Any CPU.Build.0 = Release|Any CPU
		{C368A20E-C1A5-414C-A595-B1995B910BDC}.Debug|Any CPU.ActiveCfg = Debug|Any CPU
		{C368A20E-C1A5-414C-A595-B1995B910BDC}.Debug|Any CPU.Build.0 = Debug|Any CPU
		{C368A20E-C1A5-414C-A595-B1995B910BDC}.Release|Any CPU.ActiveCfg = Release|Any CPU
		{C368A20E-C1A5-414C-A595-B1995B910BDC}.Release|Any CPU.Build.0 = Release|Any CPU
	EndGlobalSection
	GlobalSection(SolutionProperties) = preSolution
		HideSolutionNode = FALSE
	EndGlobalSection
	GlobalSection(ExtensibilityGlobals) = postSolution
		SolutionGuid = {9E61ECA9-2B10-4335-A5A0-08F7170CED49}
	EndGlobalSection
EndGlobal
