
Microsoft Visual Studio Solution File, Format Version 12.00
# Visual Studio 15
VisualStudioVersion = 15.0.28010.2050
MinimumVisualStudioVersion = 10.0.40219.1
Project("{FAE04EC0-301F-11D3-BF4B-00C04F79EFBC}") = "SpaceShips", "SpaceShips\SpaceShips.csproj", "{767A846A-264E-4C43-9398-EA07F05F8C48}"
EndProject
Global
	GlobalSection(SolutionConfigurationPlatforms) = preSolution
		Debug|Any CPU = Debug|Any CPU
		Release|Any CPU = Release|Any CPU
	EndGlobalSection
	GlobalSection(ProjectConfigurationPlatforms) = postSolution
		{767A846A-264E-4C43-9398-EA07F05F8C48}.Debug|Any CPU.ActiveCfg = Debug|Any CPU
		{767A846A-264E-4C43-9398-EA07F05F8C48}.Debug|Any CPU.Build.0 = Debug|Any CPU
		{767A846A-264E-4C43-9398-EA07F05F8C48}.Release|Any CPU.ActiveCfg = Release|Any CPU
		{767A846A-264E-4C43-9398-EA07F05F8C48}.Release|Any CPU.Build.0 = Release|Any CPU
	EndGlobalSection
	GlobalSection(SolutionProperties) = preSolution
		HideSolutionNode = FALSE
	EndGlobalSection
	GlobalSection(ExtensibilityGlobals) = postSolution
		SolutionGuid = {B7126CAD-73E8-47FC-BF60-A02719360E29}
	EndGlobalSection
EndGlobal
